
Microsoft Visual Studio Solution File, Format Version 12.00
# Visual Studio Version 16
VisualStudioVersion = 16.0.30320.27
MinimumVisualStudioVersion = 10.0.40219.1
Project("{FAE04EC0-301F-11D3-BF4B-00C04F79EFBC}") = "ConsoleGame", "ConsoleGame\ConsoleGame.csproj", "{692894E4-E10B-409E-957F-1A251AFB513C}"
EndProject
Project("{FAE04EC0-301F-11D3-BF4B-00C04F79EFBC}") = "ConsoleGame_Tests", "ConsoleGame_Tests\ConsoleGame_Tests.csproj", "{4727ABD1-D62E-48C6-B17C-75EEBC92607D}"
EndProject
Global
	GlobalSection(SolutionConfigurationPlatforms) = preSolution
		Debug|Any CPU = Debug|Any CPU
		Release|Any CPU = Release|Any CPU
	EndGlobalSection
	GlobalSection(ProjectConfigurationPlatforms) = postSolution
		{692894E4-E10B-409E-957F-1A251AFB513C}.Debug|Any CPU.ActiveCfg = Debug|Any CPU
		{692894E4-E10B-409E-957F-1A251AFB513C}.Debug|Any CPU.Build.0 = Debug|Any CPU
		{692894E4-E10B-409E-957F-1A251AFB513C}.Release|Any CPU.ActiveCfg = Release|Any CPU
		{692894E4-E10B-409E-957F-1A251AFB513C}.Release|Any CPU.Build.0 = Release|Any CPU
		{4727ABD1-D62E-48C6-B17C-75EEBC92607D}.Debug|Any CPU.ActiveCfg = Debug|Any CPU
		{4727ABD1-D62E-48C6-B17C-75EEBC92607D}.Debug|Any CPU.Build.0 = Debug|Any CPU
		{4727ABD1-D62E-48C6-B17C-75EEBC92607D}.Release|Any CPU.ActiveCfg = Release|Any CPU
		{4727ABD1-D62E-48C6-B17C-75EEBC92607D}.Release|Any CPU.Build.0 = Release|Any CPU
	EndGlobalSection
	GlobalSection(SolutionProperties) = preSolution
		HideSolutionNode = FALSE
	EndGlobalSection
	GlobalSection(ExtensibilityGlobals) = postSolution
		SolutionGuid = {763984DE-1EC4-4F04-97B9-F964B320A5D1}
	EndGlobalSection
EndGlobal
